
Microsoft Visual Studio Solution File, Format Version 12.00
# Visual Studio Version 17
VisualStudioVersion = 17.7.34003.232
MinimumVisualStudioVersion = 10.0.40219.1
Project("{9A19103F-16F7-4668-BE54-9A1E7A4F7556}") = "EmployeeManagementSystem", "EmployeeManagementSystem\EmployeeManagementSystem.csproj", "{94FA2224-D9EF-44C6-B619-D0EE6467465B}"
EndProject
Global
	GlobalSection(SolutionConfigurationPlatforms) = preSolution
		Debug|Any CPU = Debug|Any CPU
		Release|Any CPU = Release|Any CPU
	EndGlobalSection
	GlobalSection(ProjectConfigurationPlatforms) = postSolution
		{94FA2224-D9EF-44C6-B619-D0EE6467465B}.Debug|Any CPU.ActiveCfg = Debug|Any CPU
		{94FA2224-D9EF-44C6-B619-D0EE6467465B}.Debug|Any CPU.Build.0 = Debug|Any CPU
		{94FA2224-D9EF-44C6-B619-D0EE6467465B}.Release|Any CPU.ActiveCfg = Release|Any CPU
		{94FA2224-D9EF-44C6-B619-D0EE6467465B}.Release|Any CPU.Build.0 = Release|Any CPU
	EndGlobalSection
	GlobalSection(SolutionProperties) = preSolution
		HideSolutionNode = FALSE
	EndGlobalSection
	GlobalSection(ExtensibilityGlobals) = postSolution
		SolutionGuid = {231B5EC6-F6D6-479E-8C9C-0E9CDE376B07}
	EndGlobalSection
EndGlobal
